
Microsoft Visual Studio Solution File, Format Version 12.00
# Visual Studio 15
Project("{FAE04EC0-301F-11D3-BF4B-00C04F79EFBC}") = "CrossyBridge", "Assembly-CSharp.csproj", "{A2E9B693-F25E-6338-FDD2-68537B2B37F8}"
EndProject
Project("{FAE04EC0-301F-11D3-BF4B-00C04F79EFBC}") = "CrossyBridge", "Assembly-CSharp-firstpass.csproj", "{84E494B3-6A3E-F255-D1DC-66A17CFE6282}"
EndProject
Project("{FAE04EC0-301F-11D3-BF4B-00C04F79EFBC}") = "CrossyBridge", "Assembly-CSharp-Editor-firstpass.csproj", "{53F0FA9F-9C16-CE9B-DAE9-3E199C5E5EA7}"
EndProject
Global
	GlobalSection(SolutionConfigurationPlatforms) = preSolution
		Debug|Any CPU = Debug|Any CPU
		Release|Any CPU = Release|Any CPU
	EndGlobalSection
	GlobalSection(ProjectConfigurationPlatforms) = postSolution
		{A2E9B693-F25E-6338-FDD2-68537B2B37F8}.Debug|Any CPU.ActiveCfg = Debug|Any CPU
		{A2E9B693-F25E-6338-FDD2-68537B2B37F8}.Debug|Any CPU.Build.0 = Debug|Any CPU
		{A2E9B693-F25E-6338-FDD2-68537B2B37F8}.Release|Any CPU.ActiveCfg = Release|Any CPU
		{A2E9B693-F25E-6338-FDD2-68537B2B37F8}.Release|Any CPU.Build.0 = Release|Any CPU
		{84E494B3-6A3E-F255-D1DC-66A17CFE6282}.Debug|Any CPU.ActiveCfg = Debug|Any CPU
		{84E494B3-6A3E-F255-D1DC-66A17CFE6282}.Debug|Any CPU.Build.0 = Debug|Any CPU
		{84E494B3-6A3E-F255-D1DC-66A17CFE6282}.Release|Any CPU.ActiveCfg = Release|Any CPU
		{84E494B3-6A3E-F255-D1DC-66A17CFE6282}.Release|Any CPU.Build.0 = Release|Any CPU
		{53F0FA9F-9C16-CE9B-DAE9-3E199C5E5EA7}.Debug|Any CPU.ActiveCfg = Debug|Any CPU
		{53F0FA9F-9C16-CE9B-DAE9-3E199C5E5EA7}.Debug|Any CPU.Build.0 = Debug|Any CPU
		{53F0FA9F-9C16-CE9B-DAE9-3E199C5E5EA7}.Release|Any CPU.ActiveCfg = Release|Any CPU
		{53F0FA9F-9C16-CE9B-DAE9-3E199C5E5EA7}.Release|Any CPU.Build.0 = Release|Any CPU
	EndGlobalSection
	GlobalSection(SolutionProperties) = preSolution
		HideSolutionNode = FALSE
	EndGlobalSection
EndGlobal
